
Microsoft Visual Studio Solution File, Format Version 12.00
# Visual Studio 15
VisualStudioVersion = 15.0.27703.2026
MinimumVisualStudioVersion = 10.0.40219.1
Project("{9A19103F-16F7-4668-BE54-9A1E7A4F7556}") = "Hyperion", "Hyperion\Hyperion.csproj", "{5B26D0DC-F88E-4B5D-A942-2343B2ADF9B4}"
EndProject
Project("{FAE04EC0-301F-11D3-BF4B-00C04F79EFBC}") = "Hyperion.Benchmarks", "Hyperion.Benchmarks\Hyperion.Benchmarks.csproj", "{67C4D049-93D6-4A9B-BAB2-E62CA8A406F6}"
EndProject
Project("{FAE04EC0-301F-11D3-BF4B-00C04F79EFBC}") = "Hyperion.Tests", "Hyperion.Tests\Hyperion.Tests.csproj", "{95974D7B-DE53-45D1-9055-2994D38F7432}"
EndProject
Global
	GlobalSection(SolutionConfigurationPlatforms) = preSolution
		Debug|Any CPU = Debug|Any CPU
		Release|Any CPU = Release|Any CPU
	EndGlobalSection
	GlobalSection(ProjectConfigurationPlatforms) = postSolution
		{5B26D0DC-F88E-4B5D-A942-2343B2ADF9B4}.Debug|Any CPU.ActiveCfg = Debug|Any CPU
		{5B26D0DC-F88E-4B5D-A942-2343B2ADF9B4}.Debug|Any CPU.Build.0 = Debug|Any CPU
		{5B26D0DC-F88E-4B5D-A942-2343B2ADF9B4}.Release|Any CPU.ActiveCfg = Release|Any CPU
		{5B26D0DC-F88E-4B5D-A942-2343B2ADF9B4}.Release|Any CPU.Build.0 = Release|Any CPU
		{67C4D049-93D6-4A9B-BAB2-E62CA8A406F6}.Debug|Any CPU.ActiveCfg = Debug|Any CPU
		{67C4D049-93D6-4A9B-BAB2-E62CA8A406F6}.Debug|Any CPU.Build.0 = Debug|Any CPU
		{67C4D049-93D6-4A9B-BAB2-E62CA8A406F6}.Release|Any CPU.ActiveCfg = Release|Any CPU
		{67C4D049-93D6-4A9B-BAB2-E62CA8A406F6}.Release|Any CPU.Build.0 = Release|Any CPU
		{95974D7B-DE53-45D1-9055-2994D38F7432}.Debug|Any CPU.ActiveCfg = Debug|Any CPU
		{95974D7B-DE53-45D1-9055-2994D38F7432}.Debug|Any CPU.Build.0 = Debug|Any CPU
		{95974D7B-DE53-45D1-9055-2994D38F7432}.Release|Any CPU.ActiveCfg = Release|Any CPU
		{95974D7B-DE53-45D1-9055-2994D38F7432}.Release|Any CPU.Build.0 = Release|Any CPU
	EndGlobalSection
	GlobalSection(SolutionProperties) = preSolution
		HideSolutionNode = FALSE
	EndGlobalSection
	GlobalSection(ExtensibilityGlobals) = postSolution
		SolutionGuid = {E2DA08C8-5492-4538-AEC4-51041EE64893}
	EndGlobalSection
EndGlobal
